
Microsoft Visual Studio Solution File, Format Version 12.00
# Visual Studio 15
VisualStudioVersion = 15.0.28307.779
MinimumVisualStudioVersion = 10.0.40219.1
Project("{FAE04EC0-301F-11D3-BF4B-00C04F79EFBC}") = "Game1", "Game1\Game1.csproj", "{F7F28D77-5A21-4E04-B67E-723025467903}"
EndProject
Global
	GlobalSection(SolutionConfigurationPlatforms) = preSolution
		Debug|Any CPU = Debug|Any CPU
		Release|Any CPU = Release|Any CPU
	EndGlobalSection
	GlobalSection(ProjectConfigurationPlatforms) = postSolution
		{F7F28D77-5A21-4E04-B67E-723025467903}.Debug|Any CPU.ActiveCfg = Debug|Any CPU
		{F7F28D77-5A21-4E04-B67E-723025467903}.Debug|Any CPU.Build.0 = Debug|Any CPU
		{F7F28D77-5A21-4E04-B67E-723025467903}.Release|Any CPU.ActiveCfg = Release|Any CPU
		{F7F28D77-5A21-4E04-B67E-723025467903}.Release|Any CPU.Build.0 = Release|Any CPU
	EndGlobalSection
	GlobalSection(SolutionProperties) = preSolution
		HideSolutionNode = FALSE
	EndGlobalSection
	GlobalSection(ExtensibilityGlobals) = postSolution
		SolutionGuid = {6C9AA3D0-DC31-45A5-9F76-36813F33EB07}
	EndGlobalSection
EndGlobal
